{
  "name": "volto-hydra-dev",
  "version": "1.0.0-alpha.0",
  "lockfileVersion": 1,
  "requires": true,
  "dependencies": {
    "dom7": {
      "version": "4.0.6",
      "resolved": "https://registry.npmjs.org/dom7/-/dom7-4.0.6.tgz",
      "integrity": "sha512-emjdpPLhpNubapLFdjNL9tP06Sr+GZkrIHEXLWvOGsytACUrkbeIdjO5g77m00BrHTznnlcNqgmn7pCN192TBA==",
      "requires": {
        "ssr-window": "^4.0.0"
      }
    },
    "framework7": {
      "version": "8.3.3",
      "resolved": "https://registry.npmjs.org/framework7/-/framework7-8.3.3.tgz",
      "integrity": "sha512-CU5NuTuLtmEIzbJGHMlImXTuRdxcs4b7qej1qPECo87M831oEc5CwMrJZLNrHUwqm7++SHHUWf6HHBGO69BwFA==",
      "requires": {
        "dom7": "^4.0.6",
        "htm": "^3.1.1",
        "path-to-regexp": "^6.2.0",
        "skeleton-elements": "^4.0.1",
        "ssr-window": "^4.0.2",
        "swiper": "^10.2.0"
      }
    },
    "framework7-vue": {
      "version": "8.3.3",
      "resolved": "https://registry.npmjs.org/framework7-vue/-/framework7-vue-8.3.3.tgz",
      "integrity": "sha512-h80l39CFzNFGI66D3TSIUSOkV4nPGLpuOqNfKO2r5LNW659kKTd5Gn3hj6TSg1e3ilhSLZi7GSA9yhR1zGPWCg=="
    },
    "htm": {
      "version": "3.1.1",
      "resolved": "https://registry.npmjs.org/htm/-/htm-3.1.1.tgz",
      "integrity": "sha512-983Vyg8NwUE7JkZ6NmOqpCZ+sh1bKv2iYTlUkzlWmA5JD2acKoxd4KVxbMmxX/85mtfdnDmTFoNKcg5DGAvxNQ=="
    },
    "path-to-regexp": {
      "version": "6.2.2",
      "resolved": "https://registry.npmjs.org/path-to-regexp/-/path-to-regexp-6.2.2.tgz",
      "integrity": "sha512-GQX3SSMokngb36+whdpRXE+3f9V8UzyAorlYvOGx87ufGHehNTn5lCxrKtLyZ4Yl/wEKnNnr98ZzOwwDZV5ogw=="
    },
    "skeleton-elements": {
      "version": "4.0.1",
      "resolved": "https://registry.npmjs.org/skeleton-elements/-/skeleton-elements-4.0.1.tgz",
      "integrity": "sha512-T7YSF/Vu/raUcM6v3HiE4VSY/OvrNflg8Dur3Zza6VVJkq4slxm4pJRpGLNhoOfblIPZLQKh1cu7ADKveyqm/Q=="
    },
    "ssr-window": {
      "version": "4.0.2",
      "resolved": "https://registry.npmjs.org/ssr-window/-/ssr-window-4.0.2.tgz",
      "integrity": "sha512-ISv/Ch+ig7SOtw7G2+qkwfVASzazUnvlDTwypdLoPoySv+6MqlOV10VwPSE6EWkGjhW50lUmghPmpYZXMu/+AQ=="
    },
    "swiper": {
      "version": "10.3.1",
      "resolved": "https://registry.npmjs.org/swiper/-/swiper-10.3.1.tgz",
      "integrity": "sha512-24Wk3YUdZHxjc9faID97GTu6xnLNia+adMt6qMTZG/HgdSUt4fS0REsGUXJOgpTED0Amh/j+gRGQxsLayJUlBQ=="
    }
  }
}
